// !$*UTF8*$!
{
	archiveVersion = 1;
	classes = {
	};
	objectVersion = 46;
	objects = {

/* Begin PBXBuildFile section */
		F8A545CF1A8F350200D59617 /* Cayena.h in Headers */ = {isa = PBXBuildFile; fileRef = F8A545CE1A8F350200D59617 /* Cayena.h */; settings = {ATTRIBUTES = (Public, ); }; };
		F8A545D51A8F350200D59617 /* Cayena.framework in Frameworks */ = {isa = PBXBuildFile; fileRef = F8A545C91A8F350200D59617 /* Cayena.framework */; };
		F8A545E61A8F354D00D59617 /* Cayena.swift in Sources */ = {isa = PBXBuildFile; fileRef = F8A545E51A8F354D00D59617 /* Cayena.swift */; };
		F8A545E71A8F355100D59617 /* Cayena.swift in Sources */ = {isa = PBXBuildFile; fileRef = F8A545E51A8F354D00D59617 /* Cayena.swift */; };
		F8A545EB1A8F355A00D59617 /* ManagerTests.swift in Sources */ = {isa = PBXBuildFile; fileRef = F8A545E81A8F355A00D59617 /* ManagerTests.swift */; };
		F8A545EC1A8F355A00D59617 /* ParametersEncodingTests.swift in Sources */ = {isa = PBXBuildFile; fileRef = F8A545E91A8F355A00D59617 /* ParametersEncodingTests.swift */; };
		F8A545ED1A8F355A00D59617 /* TaskTests.swift in Sources */ = {isa = PBXBuildFile; fileRef = F8A545EA1A8F355A00D59617 /* TaskTests.swift */; };
/* End PBXBuildFile section */

/* Begin PBXContainerItemProxy section */
		F8A545D61A8F350200D59617 /* PBXContainerItemProxy */ = {
			isa = PBXContainerItemProxy;
			containerPortal = F8A545C01A8F350200D59617 /* Project object */;
			proxyType = 1;
			remoteGlobalIDString = F8A545C81A8F350200D59617;
			remoteInfo = Cayena;
		};
/* End PBXContainerItemProxy section */

/* Begin PBXFileReference section */
		F8A545C91A8F350200D59617 /* Cayena.framework */ = {isa = PBXFileReference; explicitFileType = wrapper.framework; includeInIndex = 0; path = Cayena.framework; sourceTree = BUILT_PRODUCTS_DIR; };
		F8A545CD1A8F350200D59617 /* Info.plist */ = {isa = PBXFileReference; lastKnownFileType = text.plist.xml; path = Info.plist; sourceTree = "<group>"; };
		F8A545CE1A8F350200D59617 /* Cayena.h */ = {isa = PBXFileReference; lastKnownFileType = sourcecode.c.h; path = Cayena.h; sourceTree = "<group>"; };
		F8A545D41A8F350200D59617 /* CayenaTests.xctest */ = {isa = PBXFileReference; explicitFileType = wrapper.cfbundle; includeInIndex = 0; path = CayenaTests.xctest; sourceTree = BUILT_PRODUCTS_DIR; };
		F8A545DA1A8F350200D59617 /* Info.plist */ = {isa = PBXFileReference; lastKnownFileType = text.plist.xml; path = Info.plist; sourceTree = "<group>"; };
		F8A545E51A8F354D00D59617 /* Cayena.swift */ = {isa = PBXFileReference; fileEncoding = 4; lastKnownFileType = sourcecode.swift; path = Cayena.swift; sourceTree = "<group>"; };
		F8A545E81A8F355A00D59617 /* ManagerTests.swift */ = {isa = PBXFileReference; fileEncoding = 4; lastKnownFileType = sourcecode.swift; path = ManagerTests.swift; sourceTree = "<group>"; };
		F8A545E91A8F355A00D59617 /* ParametersEncodingTests.swift */ = {isa = PBXFileReference; fileEncoding = 4; lastKnownFileType = sourcecode.swift; path = ParametersEncodingTests.swift; sourceTree = "<group>"; };
		F8A545EA1A8F355A00D59617 /* TaskTests.swift */ = {isa = PBXFileReference; fileEncoding = 4; lastKnownFileType = sourcecode.swift; path = TaskTests.swift; sourceTree = "<group>"; };
/* End PBXFileReference section */

/* Begin PBXFrameworksBuildPhase section */
		F8A545C51A8F350200D59617 /* Frameworks */ = {
			isa = PBXFrameworksBuildPhase;
			buildActionMask = 2147483647;
			files = (
			);
			runOnlyForDeploymentPostprocessing = 0;
		};
		F8A545D11A8F350200D59617 /* Frameworks */ = {
			isa = PBXFrameworksBuildPhase;
			buildActionMask = 2147483647;
			files = (
				F8A545D51A8F350200D59617 /* Cayena.framework in Frameworks */,
			);
			runOnlyForDeploymentPostprocessing = 0;
		};
/* End PBXFrameworksBuildPhase section */

/* Begin PBXGroup section */
		F8A545BF1A8F350200D59617 = {
			isa = PBXGroup;
			children = (
				F8A545CB1A8F350200D59617 /* Cayena */,
				F8A545D81A8F350200D59617 /* CayenaTests */,
				F8A545CA1A8F350200D59617 /* Products */,
			);
			sourceTree = "<group>";
		};
		F8A545CA1A8F350200D59617 /* Products */ = {
			isa = PBXGroup;
			children = (
				F8A545C91A8F350200D59617 /* Cayena.framework */,
				F8A545D41A8F350200D59617 /* CayenaTests.xctest */,
			);
			name = Products;
			sourceTree = "<group>";
		};
		F8A545CB1A8F350200D59617 /* Cayena */ = {
			isa = PBXGroup;
			children = (
				F8A545E51A8F354D00D59617 /* Cayena.swift */,
				F8A545CE1A8F350200D59617 /* Cayena.h */,
				F8A545CC1A8F350200D59617 /* Supporting Files */,
			);
			path = Cayena;
			sourceTree = "<group>";
		};
		F8A545CC1A8F350200D59617 /* Supporting Files */ = {
			isa = PBXGroup;
			children = (
				F8A545CD1A8F350200D59617 /* Info.plist */,
			);
			name = "Supporting Files";
			sourceTree = "<group>";
		};
		F8A545D81A8F350200D59617 /* CayenaTests */ = {
			isa = PBXGroup;
			children = (
				F8A545E81A8F355A00D59617 /* ManagerTests.swift */,
				F8A545E91A8F355A00D59617 /* ParametersEncodingTests.swift */,
				F8A545EA1A8F355A00D59617 /* TaskTests.swift */,
				F8A545D91A8F350200D59617 /* Supporting Files */,
			);
			path = CayenaTests;
			sourceTree = "<group>";
		};
		F8A545D91A8F350200D59617 /* Supporting Files */ = {
			isa = PBXGroup;
			children = (
				F8A545DA1A8F350200D59617 /* Info.plist */,
			);
			name = "Supporting Files";
			sourceTree = "<group>";
		};
/* End PBXGroup section */

/* Begin PBXHeadersBuildPhase section */
		F8A545C61A8F350200D59617 /* Headers */ = {
			isa = PBXHeadersBuildPhase;
			buildActionMask = 2147483647;
			files = (
				F8A545CF1A8F350200D59617 /* Cayena.h in Headers */,
			);
			runOnlyForDeploymentPostprocessing = 0;
		};
/* End PBXHeadersBuildPhase section */

/* Begin PBXNativeTarget section */
		F8A545C81A8F350200D59617 /* Cayena */ = {
			isa = PBXNativeTarget;
			buildConfigurationList = F8A545DF1A8F350200D59617 /* Build configuration list for PBXNativeTarget "Cayena" */;
			buildPhases = (
				F8A545C41A8F350200D59617 /* Sources */,
				F8A545C51A8F350200D59617 /* Frameworks */,
				F8A545C61A8F350200D59617 /* Headers */,
				F8A545C71A8F350200D59617 /* Resources */,
			);
			buildRules = (
			);
			dependencies = (
			);
			name = Cayena;
			productName = Cayena;
			productReference = F8A545C91A8F350200D59617 /* Cayena.framework */;
			productType = "com.apple.product-type.framework";
		};
		F8A545D31A8F350200D59617 /* CayenaTests */ = {
			isa = PBXNativeTarget;
			buildConfigurationList = F8A545E21A8F350200D59617 /* Build configuration list for PBXNativeTarget "CayenaTests" */;
			buildPhases = (
				F8A545D01A8F350200D59617 /* Sources */,
				F8A545D11A8F350200D59617 /* Frameworks */,
				F8A545D21A8F350200D59617 /* Resources */,
			);
			buildRules = (
			);
			dependencies = (
				F8A545D71A8F350200D59617 /* PBXTargetDependency */,
			);
			name = CayenaTests;
			productName = CayenaTests;
			productReference = F8A545D41A8F350200D59617 /* CayenaTests.xctest */;
			productType = "com.apple.product-type.bundle.unit-test";
		};
/* End PBXNativeTarget section */

/* Begin PBXProject section */
		F8A545C01A8F350200D59617 /* Project object */ = {
			isa = PBXProject;
			attributes = {
				LastUpgradeCheck = 0630;
				ORGANIZATIONNAME = "Orjuela Gutierrez, Jorge M. -ND";
				TargetAttributes = {
					F8A545C81A8F350200D59617 = {
						CreatedOnToolsVersion = 6.3;
					};
					F8A545D31A8F350200D59617 = {
						CreatedOnToolsVersion = 6.3;
					};
				};
			};
			buildConfigurationList = F8A545C31A8F350200D59617 /* Build configuration list for PBXProject "Cayena" */;
			compatibilityVersion = "Xcode 3.2";
			developmentRegion = English;
			hasScannedForEncodings = 0;
			knownRegions = (
				en,
			);
			mainGroup = F8A545BF1A8F350200D59617;
			productRefGroup = F8A545CA1A8F350200D59617 /* Products */;
			projectDirPath = "";
			projectRoot = "";
			targets = (
				F8A545C81A8F350200D59617 /* Cayena */,
				F8A545D31A8F350200D59617 /* CayenaTests */,
			);
		};
/* End PBXProject section */

/* Begin PBXResourcesBuildPhase section */
		F8A545C71A8F350200D59617 /* Resources */ = {
			isa = PBXResourcesBuildPhase;
			buildActionMask = 2147483647;
			files = (
			);
			runOnlyForDeploymentPostprocessing = 0;
		};
		F8A545D21A8F350200D59617 /* Resources */ = {
			isa = PBXResourcesBuildPhase;
			buildActionMask = 2147483647;
			files = (
			);
			runOnlyForDeploymentPostprocessing = 0;
		};
/* End PBXResourcesBuildPhase section */

/* Begin PBXSourcesBuildPhase section */
		F8A545C41A8F350200D59617 /* Sources */ = {
			isa = PBXSourcesBuildPhase;
			buildActionMask = 2147483647;
			files = (
				F8A545E61A8F354D00D59617 /* Cayena.swift in Sources */,
			);
			runOnlyForDeploymentPostprocessing = 0;
		};
		F8A545D01A8F350200D59617 /* Sources */ = {
			isa = PBXSourcesBuildPhase;
			buildActionMask = 2147483647;
			files = (
				F8A545ED1A8F355A00D59617 /* TaskTests.swift in Sources */,
				F8A545EC1A8F355A00D59617 /* ParametersEncodingTests.swift in Sources */,
				F8A545E71A8F355100D59617 /* Cayena.swift in Sources */,
				F8A545EB1A8F355A00D59617 /* ManagerTests.swift in Sources */,
			);
			runOnlyForDeploymentPostprocessing = 0;
		};
/* End PBXSourcesBuildPhase section */

/* Begin PBXTargetDependency section */
		F8A545D71A8F350200D59617 /* PBXTargetDependency */ = {
			isa = PBXTargetDependency;
			target = F8A545C81A8F350200D59617 /* Cayena */;
			targetProxy = F8A545D61A8F350200D59617 /* PBXContainerItemProxy */;
		};
/* End PBXTargetDependency section */

/* Begin XCBuildConfiguration section */
		F8A545DD1A8F350200D59617 /* Debug */ = {
			isa = XCBuildConfiguration;
			buildSettings = {
				ALWAYS_SEARCH_USER_PATHS = NO;
				CLANG_CXX_LANGUAGE_STANDARD = "gnu++0x";
				CLANG_CXX_LIBRARY = "libc++";
				CLANG_ENABLE_MODULES = YES;
				CLANG_ENABLE_OBJC_ARC = YES;
				CLANG_WARN_BOOL_CONVERSION = YES;
				CLANG_WARN_CONSTANT_CONVERSION = YES;
				CLANG_WARN_DIRECT_OBJC_ISA_USAGE = YES_ERROR;
				CLANG_WARN_EMPTY_BODY = YES;
				CLANG_WARN_ENUM_CONVERSION = YES;
				CLANG_WARN_INT_CONVERSION = YES;
				CLANG_WARN_OBJC_ROOT_CLASS = YES_ERROR;
				CLANG_WARN_UNREACHABLE_CODE = YES;
				CLANG_WARN__DUPLICATE_METHOD_MATCH = YES;
				"CODE_SIGN_IDENTITY[sdk=iphoneos*]" = "iPhone Developer";
				COPY_PHASE_STRIP = NO;
				CURRENT_PROJECT_VERSION = 1;
				DEBUG_INFORMATION_FORMAT = dwarf;
				ENABLE_STRICT_OBJC_MSGSEND = YES;
				GCC_C_LANGUAGE_STANDARD = gnu99;
				GCC_DYNAMIC_NO_PIC = NO;
				GCC_OPTIMIZATION_LEVEL = 0;
				GCC_PREPROCESSOR_DEFINITIONS = (
					"DEBUG=1",
					"$(inherited)",
				);
				GCC_SYMBOLS_PRIVATE_EXTERN = NO;
				GCC_WARN_64_TO_32_BIT_CONVERSION = YES;
				GCC_WARN_ABOUT_RETURN_TYPE = YES_ERROR;
				GCC_WARN_UNDECLARED_SELECTOR = YES;
				GCC_WARN_UNINITIALIZED_AUTOS = YES_AGGRESSIVE;
				GCC_WARN_UNUSED_FUNCTION = YES;
				GCC_WARN_UNUSED_VARIABLE = YES;
				IPHONEOS_DEPLOYMENT_TARGET = 8.3;
				MTL_ENABLE_DEBUG_INFO = YES;
				ONLY_ACTIVE_ARCH = YES;
				SDKROOT = iphoneos;
				SWIFT_OPTIMIZATION_LEVEL = "-Onone";
				TARGETED_DEVICE_FAMILY = "1,2";
				VERSIONING_SYSTEM = "apple-generic";
				VERSION_INFO_PREFIX = "";
			};
			name = Debug;
		};
		F8A545DE1A8F350200D59617 /* Release */ = {
			isa = XCBuildConfiguration;
			buildSettings = {
				ALWAYS_SEARCH_USER_PATHS = NO;
				CLANG_CXX_LANGUAGE_STANDARD = "gnu++0x";
				CLANG_CXX_LIBRARY = "libc++";
				CLANG_ENABLE_MODULES = YES;
				CLANG_ENABLE_OBJC_ARC = YES;
				CLANG_WARN_BOOL_CONVERSION = YES;
				CLANG_WARN_CONSTANT_CONVERSION = YES;
				CLANG_WARN_DIRECT_OBJC_ISA_USAGE = YES_ERROR;
				CLANG_WARN_EMPTY_BODY = YES;
				CLANG_WARN_ENUM_CONVERSION = YES;
				CLANG_WARN_INT_CONVERSION = YES;
				CLANG_WARN_OBJC_ROOT_CLASS = YES_ERROR;
				CLANG_WARN_UNREACHABLE_CODE = YES;
				CLANG_WARN__DUPLICATE_METHOD_MATCH = YES;
				"CODE_SIGN_IDENTITY[sdk=iphoneos*]" = "iPhone Developer";
				COPY_PHASE_STRIP = NO;
				CURRENT_PROJECT_VERSION = 1;
				DEBUG_INFORMATION_FORMAT = "dwarf-with-dsym";
				ENABLE_NS_ASSERTIONS = NO;
				ENABLE_STRICT_OBJC_MSGSEND = YES;
				GCC_C_LANGUAGE_STANDARD = gnu99;
				GCC_WARN_64_TO_32_BIT_CONVERSION = YES;
				GCC_WARN_ABOUT_RETURN_TYPE = YES_ERROR;
				GCC_WARN_UNDECLARED_SELECTOR = YES;
				GCC_WARN_UNINITIALIZED_AUTOS = YES_AGGRESSIVE;
				GCC_WARN_UNUSED_FUNCTION = YES;
				GCC_WARN_UNUSED_VARIABLE = YES;
				IPHONEOS_DEPLOYMENT_TARGET = 8.3;
				MTL_ENABLE_DEBUG_INFO = NO;
				SDKROOT = iphoneos;
				TARGETED_DEVICE_FAMILY = "1,2";
				VALIDATE_PRODUCT = YES;
				VERSIONING_SYSTEM = "apple-generic";
				VERSION_INFO_PREFIX = "";
			};
			name = Release;
		};
		F8A545E01A8F350200D59617 /* Debug */ = {
			isa = XCBuildConfiguration;
			buildSettings = {
				DEFINES_MODULE = YES;
				DYLIB_COMPATIBILITY_VERSION = 1;
				DYLIB_CURRENT_VERSION = 1;
				DYLIB_INSTALL_NAME_BASE = "@rpath";
				INFOPLIST_FILE = Cayena/Info.plist;
				INSTALL_PATH = "$(LOCAL_LIBRARY_DIR)/Frameworks";
				LD_RUNPATH_SEARCH_PATHS = "$(inherited) @executable_path/Frameworks @loader_path/Frameworks";
				PRODUCT_NAME = "$(TARGET_NAME)";
				SKIP_INSTALL = YES;
			};
			name = Debug;
		};
		F8A545E11A8F350200D59617 /* Release */ = {
			isa = XCBuildConfiguration;
			buildSettings = {
				DEFINES_MODULE = YES;
				DYLIB_COMPATIBILITY_VERSION = 1;
				DYLIB_CURRENT_VERSION = 1;
				DYLIB_INSTALL_NAME_BASE = "@rpath";
				INFOPLIST_FILE = Cayena/Info.plist;
				INSTALL_PATH = "$(LOCAL_LIBRARY_DIR)/Frameworks";
				LD_RUNPATH_SEARCH_PATHS = "$(inherited) @executable_path/Frameworks @loader_path/Frameworks";
				PRODUCT_NAME = "$(TARGET_NAME)";
				SKIP_INSTALL = YES;
			};
			name = Release;
		};
		F8A545E31A8F350200D59617 /* Debug */ = {
			isa = XCBuildConfiguration;
			buildSettings = {
				FRAMEWORK_SEARCH_PATHS = (
					"$(SDKROOT)/Developer/Library/Frameworks",
					"$(inherited)",
				);
				GCC_PREPROCESSOR_DEFINITIONS = (
					"DEBUG=1",
					"$(inherited)",
				);
				INFOPLIST_FILE = CayenaTests/Info.plist;
				LD_RUNPATH_SEARCH_PATHS = "$(inherited) @executable_path/Frameworks @loader_path/Frameworks";
				PRODUCT_NAME = "$(TARGET_NAME)";
			};
			name = Debug;
		};
		F8A545E41A8F350200D59617 /* Release */ = {
			isa = XCBuildConfiguration;
			buildSettings = {
				FRAMEWORK_SEARCH_PATHS = (
					"$(SDKROOT)/Developer/Library/Frameworks",
					"$(inherited)",
				);
				INFOPLIST_FILE = CayenaTests/Info.plist;
				LD_RUNPATH_SEARCH_PATHS = "$(inherited) @executable_path/Frameworks @loader_path/Frameworks";
				PRODUCT_NAME = "$(TARGET_NAME)";
			};
			name = Release;
		};
/* End XCBuildConfiguration section */

/* Begin XCConfigurationList section */
		F8A545C31A8F350200D59617 /* Build configuration list for PBXProject "Cayena" */ = {
			isa = XCConfigurationList;
			buildConfigurations = (
				F8A545DD1A8F350200D59617 /* Debug */,
				F8A545DE1A8F350200D59617 /* Release */,
			);
			defaultConfigurationIsVisible = 0;
			defaultConfigurationName = Release;
		};
		F8A545DF1A8F350200D59617 /* Build configuration list for PBXNativeTarget "Cayena" */ = {
			isa = XCConfigurationList;
			buildConfigurations = (
				F8A545E01A8F350200D59617 /* Debug */,
				F8A545E11A8F350200D59617 /* Release */,
			);
			defaultConfigurationIsVisible = 0;
			defaultConfigurationName = Release;
		};
		F8A545E21A8F350200D59617 /* Build configuration list for PBXNativeTarget "CayenaTests" */ = {
			isa = XCConfigurationList;
			buildConfigurations = (
				F8A545E31A8F350200D59617 /* Debug */,
				F8A545E41A8F350200D59617 /* Release */,
			);
			defaultConfigurationIsVisible = 0;
			defaultConfigurationName = Release;
		};
/* End XCConfigurationList section */
	};
	rootObject = F8A545C01A8F350200D59617 /* Project object */;
}
